
Microsoft Visual Studio Solution File, Format Version 12.00
# Visual Studio 15
Project("{FAE04EC0-301F-11D3-BF4B-00C04F79EFBC}") = "Assembly-CSharp-Editor", "Assembly-CSharp-Editor.csproj", "{8EAB01FF-9CEC-BE16-8F27-A1FD47FE5F5F}"
EndProject
Project("{FAE04EC0-301F-11D3-BF4B-00C04F79EFBC}") = "Assembly-CSharp", "Assembly-CSharp.csproj", "{14E3A5CC-1003-DD91-BF0A-D8FBB2BD7B1B}"
EndProject
Global
	GlobalSection(SolutionConfigurationPlatforms) = preSolution
		Debug|Any CPU = Debug|Any CPU
		Release|Any CPU = Release|Any CPU
	EndGlobalSection
	GlobalSection(ProjectConfigurationPlatforms) = postSolution
		{8EAB01FF-9CEC-BE16-8F27-A1FD47FE5F5F}.Debug|Any CPU.ActiveCfg = Debug|Any CPU
		{8EAB01FF-9CEC-BE16-8F27-A1FD47FE5F5F}.Debug|Any CPU.Build.0 = Debug|Any CPU
		{8EAB01FF-9CEC-BE16-8F27-A1FD47FE5F5F}.Release|Any CPU.ActiveCfg = Release|Any CPU
		{8EAB01FF-9CEC-BE16-8F27-A1FD47FE5F5F}.Release|Any CPU.Build.0 = Release|Any CPU
		{14E3A5CC-1003-DD91-BF0A-D8FBB2BD7B1B}.Debug|Any CPU.ActiveCfg = Debug|Any CPU
		{14E3A5CC-1003-DD91-BF0A-D8FBB2BD7B1B}.Debug|Any CPU.Build.0 = Debug|Any CPU
		{14E3A5CC-1003-DD91-BF0A-D8FBB2BD7B1B}.Release|Any CPU.ActiveCfg = Release|Any CPU
		{14E3A5CC-1003-DD91-BF0A-D8FBB2BD7B1B}.Release|Any CPU.Build.0 = Release|Any CPU
	EndGlobalSection
	GlobalSection(SolutionProperties) = preSolution
		HideSolutionNode = FALSE
	EndGlobalSection
EndGlobal
